// !$*UTF8*$!
{
	archiveVersion = 1;
	classes = {
	};
	objectVersion = 51;
	objects = {

/* Begin PBXBuildFile section */
		045F47EA254D1F15002F5583 /* CommentCell.swift in Sources */ = {isa = PBXBuildFile; fileRef = 045F47E9254D1F15002F5583 /* CommentCell.swift */; };
		0480F2092543CF38008CB25C /* AppDelegate.swift in Sources */ = {isa = PBXBuildFile; fileRef = 0480F2082543CF38008CB25C /* AppDelegate.swift */; };
		0480F20B2543CF38008CB25C /* SceneDelegate.swift in Sources */ = {isa = PBXBuildFile; fileRef = 0480F20A2543CF38008CB25C /* SceneDelegate.swift */; };
		0480F2102543CF38008CB25C /* Main.storyboard in Resources */ = {isa = PBXBuildFile; fileRef = 0480F20E2543CF38008CB25C /* Main.storyboard */; };
		0480F2122543CF3A008CB25C /* Assets.xcassets in Resources */ = {isa = PBXBuildFile; fileRef = 0480F2112543CF3A008CB25C /* Assets.xcassets */; };
		0480F2152543CF3A008CB25C /* LaunchScreen.storyboard in Resources */ = {isa = PBXBuildFile; fileRef = 0480F2132543CF3A008CB25C /* LaunchScreen.storyboard */; };
		0480F2202543CF3B008CB25C /* ParstagramTests.swift in Sources */ = {isa = PBXBuildFile; fileRef = 0480F21F2543CF3B008CB25C /* ParstagramTests.swift */; };
		0480F22B2543CF3B008CB25C /* ParstagramUITests.swift in Sources */ = {isa = PBXBuildFile; fileRef = 0480F22A2543CF3B008CB25C /* ParstagramUITests.swift */; };
		0480F2452543D248008CB25C /* LoginViewController.swift in Sources */ = {isa = PBXBuildFile; fileRef = 0480F2442543D248008CB25C /* LoginViewController.swift */; };
		0480F24A2543D257008CB25C /* FeedViewController.swift in Sources */ = {isa = PBXBuildFile; fileRef = 0480F2492543D257008CB25C /* FeedViewController.swift */; };
		04E41D44254677A400854C3B /* CameraViewController.swift in Sources */ = {isa = PBXBuildFile; fileRef = 04E41D43254677A400854C3B /* CameraViewController.swift */; };
		04E41D542546821700854C3B /* PostCell.swift in Sources */ = {isa = PBXBuildFile; fileRef = 04E41D532546821700854C3B /* PostCell.swift */; };
		B88F4A67D4EDA81D34610E5C /* Pods_ParstagramTests.framework in Frameworks */ = {isa = PBXBuildFile; fileRef = 9524F3A2E3267D64583D1E8E /* Pods_ParstagramTests.framework */; };
		DC2149652190E996B63FEB26 /* Pods_Parstagram.framework in Frameworks */ = {isa = PBXBuildFile; fileRef = 3AF2E22B43FE020530FE873D /* Pods_Parstagram.framework */; };
		FA8C83BDB321D485C71483F8 /* Pods_Parstagram_ParstagramUITests.framework in Frameworks */ = {isa = PBXBuildFile; fileRef = 73D444E87E5DAFD0B88D04E6 /* Pods_Parstagram_ParstagramUITests.framework */; };
/* End PBXBuildFile section */

/* Begin PBXContainerItemProxy section */
		0480F21C2543CF3B008CB25C /* PBXContainerItemProxy */ = {
			isa = PBXContainerItemProxy;
			containerPortal = 0480F1FD2543CF38008CB25C /* Project object */;
			proxyType = 1;
			remoteGlobalIDString = 0480F2042543CF38008CB25C;
			remoteInfo = Parstagram;
		};
		0480F2272543CF3B008CB25C /* PBXContainerItemProxy */ = {
			isa = PBXContainerItemProxy;
			containerPortal = 0480F1FD2543CF38008CB25C /* Project object */;
			proxyType = 1;
			remoteGlobalIDString = 0480F2042543CF38008CB25C;
			remoteInfo = Parstagram;
		};
/* End PBXContainerItemProxy section */

/* Begin PBXFileReference section */
		045F47E9254D1F15002F5583 /* CommentCell.swift */ = {isa = PBXFileReference; lastKnownFileType = sourcecode.swift; path = CommentCell.swift; sourceTree = "<group>"; };
		0480F2052543CF38008CB25C /* Parstagram.app */ = {isa = PBXFileReference; explicitFileType = wrapper.application; includeInIndex = 0; path = Parstagram.app; sourceTree = BUILT_PRODUCTS_DIR; };
		0480F2082543CF38008CB25C /* AppDelegate.swift */ = {isa = PBXFileReference; lastKnownFileType = sourcecode.swift; path = AppDelegate.swift; sourceTree = "<group>"; };
		0480F20A2543CF38008CB25C /* SceneDelegate.swift */ = {isa = PBXFileReference; lastKnownFileType = sourcecode.swift; path = SceneDelegate.swift; sourceTree = "<group>"; };
		0480F20F2543CF38008CB25C /* Base */ = {isa = PBXFileReference; lastKnownFileType = file.storyboard; name = Base; path = Base.lproj/Main.storyboard; sourceTree = "<group>"; };
		0480F2112543CF3A008CB25C /* Assets.xcassets */ = {isa = PBXFileReference; lastKnownFileType = folder.assetcatalog; path = Assets.xcassets; sourceTree = "<group>"; };
		0480F2142543CF3A008CB25C /* Base */ = {isa = PBXFileReference; lastKnownFileType = file.storyboard; name = Base; path = Base.lproj/LaunchScreen.storyboard; sourceTree = "<group>"; };
		0480F2162543CF3A008CB25C /* Info.plist */ = {isa = PBXFileReference; lastKnownFileType = text.plist.xml; path = Info.plist; sourceTree = "<group>"; };
		0480F21B2543CF3B008CB25C /* ParstagramTests.xctest */ = {isa = PBXFileReference; explicitFileType = wrapper.cfbundle; includeInIndex = 0; path = ParstagramTests.xctest; sourceTree = BUILT_PRODUCTS_DIR; };
		0480F21F2543CF3B008CB25C /* ParstagramTests.swift */ = {isa = PBXFileReference; lastKnownFileType = sourcecode.swift; path = ParstagramTests.swift; sourceTree = "<group>"; };
		0480F2212543CF3B008CB25C /* Info.plist */ = {isa = PBXFileReference; lastKnownFileType = text.plist.xml; path = Info.plist; sourceTree = "<group>"; };
		0480F2262543CF3B008CB25C /* ParstagramUITests.xctest */ = {isa = PBXFileReference; explicitFileType = wrapper.cfbundle; includeInIndex = 0; path = ParstagramUITests.xctest; sourceTree = BUILT_PRODUCTS_DIR; };
		0480F22A2543CF3B008CB25C /* ParstagramUITests.swift */ = {isa = PBXFileReference; lastKnownFileType = sourcecode.swift; path = ParstagramUITests.swift; sourceTree = "<group>"; };
		0480F22C2543CF3B008CB25C /* Info.plist */ = {isa = PBXFileReference; lastKnownFileType = text.plist.xml; path = Info.plist; sourceTree = "<group>"; };
		0480F2442543D248008CB25C /* LoginViewController.swift */ = {isa = PBXFileReference; lastKnownFileType = sourcecode.swift; path = LoginViewController.swift; sourceTree = "<group>"; };
		0480F2492543D257008CB25C /* FeedViewController.swift */ = {isa = PBXFileReference; lastKnownFileType = sourcecode.swift; path = FeedViewController.swift; sourceTree = "<group>"; };
		04E41D43254677A400854C3B /* CameraViewController.swift */ = {isa = PBXFileReference; lastKnownFileType = sourcecode.swift; path = CameraViewController.swift; sourceTree = "<group>"; };
		04E41D532546821700854C3B /* PostCell.swift */ = {isa = PBXFileReference; lastKnownFileType = sourcecode.swift; path = PostCell.swift; sourceTree = "<group>"; };
		06D89FF2335E1214972B20F6 /* Pods-ParstagramTests.debug.xcconfig */ = {isa = PBXFileReference; includeInIndex = 1; lastKnownFileType = text.xcconfig; name = "Pods-ParstagramTests.debug.xcconfig"; path = "Target Support Files/Pods-ParstagramTests/Pods-ParstagramTests.debug.xcconfig"; sourceTree = "<group>"; };
		3AF2E22B43FE020530FE873D /* Pods_Parstagram.framework */ = {isa = PBXFileReference; explicitFileType = wrapper.framework; includeInIndex = 0; path = Pods_Parstagram.framework; sourceTree = BUILT_PRODUCTS_DIR; };
		49CBE1B754C19DA16E1B7294 /* Pods-Parstagram-ParstagramUITests.release.xcconfig */ = {isa = PBXFileReference; includeInIndex = 1; lastKnownFileType = text.xcconfig; name = "Pods-Parstagram-ParstagramUITests.release.xcconfig"; path = "Target Support Files/Pods-Parstagram-ParstagramUITests/Pods-Parstagram-ParstagramUITests.release.xcconfig"; sourceTree = "<group>"; };
		4EE01E316A4EB3CDA185D623 /* Pods-ParstagramTests.release.xcconfig */ = {isa = PBXFileReference; includeInIndex = 1; lastKnownFileType = text.xcconfig; name = "Pods-ParstagramTests.release.xcconfig"; path = "Target Support Files/Pods-ParstagramTests/Pods-ParstagramTests.release.xcconfig"; sourceTree = "<group>"; };
		56C7E39D3E969BD959CB1B7D /* Pods-Parstagram-ParstagramUITests.debug.xcconfig */ = {isa = PBXFileReference; includeInIndex = 1; lastKnownFileType = text.xcconfig; name = "Pods-Parstagram-ParstagramUITests.debug.xcconfig"; path = "Target Support Files/Pods-Parstagram-ParstagramUITests/Pods-Parstagram-ParstagramUITests.debug.xcconfig"; sourceTree = "<group>"; };
		73D444E87E5DAFD0B88D04E6 /* Pods_Parstagram_ParstagramUITests.framework */ = {isa = PBXFileReference; explicitFileType = wrapper.framework; includeInIndex = 0; path = Pods_Parstagram_ParstagramUITests.framework; sourceTree = BUILT_PRODUCTS_DIR; };
		7AF18C14D17C842D95790BEA /* Pods-Parstagram.release.xcconfig */ = {isa = PBXFileReference; includeInIndex = 1; lastKnownFileType = text.xcconfig; name = "Pods-Parstagram.release.xcconfig"; path = "Target Support Files/Pods-Parstagram/Pods-Parstagram.release.xcconfig"; sourceTree = "<group>"; };
		9524F3A2E3267D64583D1E8E /* Pods_ParstagramTests.framework */ = {isa = PBXFileReference; explicitFileType = wrapper.framework; includeInIndex = 0; path = Pods_ParstagramTests.framework; sourceTree = BUILT_PRODUCTS_DIR; };
		AEF500A9B569CA073EC3357D /* Pods-Parstagram.debug.xcconfig */ = {isa = PBXFileReference; includeInIndex = 1; lastKnownFileType = text.xcconfig; name = "Pods-Parstagram.debug.xcconfig"; path = "Target Support Files/Pods-Parstagram/Pods-Parstagram.debug.xcconfig"; sourceTree = "<group>"; };
/* End PBXFileReference section */

/* Begin PBXFrameworksBuildPhase section */
		0480F2022543CF38008CB25C /* Frameworks */ = {
			isa = PBXFrameworksBuildPhase;
			buildActionMask = 2147483647;
			files = (
				DC2149652190E996B63FEB26 /* Pods_Parstagram.framework in Frameworks */,
			);
			runOnlyForDeploymentPostprocessing = 0;
		};
		0480F2182543CF3B008CB25C /* Frameworks */ = {
			isa = PBXFrameworksBuildPhase;
			buildActionMask = 2147483647;
			files = (
				B88F4A67D4EDA81D34610E5C /* Pods_ParstagramTests.framework in Frameworks */,
			);
			runOnlyForDeploymentPostprocessing = 0;
		};
		0480F2232543CF3B008CB25C /* Frameworks */ = {
			isa = PBXFrameworksBuildPhase;
			buildActionMask = 2147483647;
			files = (
				FA8C83BDB321D485C71483F8 /* Pods_Parstagram_ParstagramUITests.framework in Frameworks */,
			);
			runOnlyForDeploymentPostprocessing = 0;
		};
/* End PBXFrameworksBuildPhase section */

/* Begin PBXGroup section */
		0480F1FC2543CF38008CB25C = {
			isa = PBXGroup;
			children = (
				0480F2072543CF38008CB25C /* Parstagram */,
				0480F21E2543CF3B008CB25C /* ParstagramTests */,
				0480F2292543CF3B008CB25C /* ParstagramUITests */,
				0480F2062543CF38008CB25C /* Products */,
				37439073A1E349AD802CC685 /* Frameworks */,
				59A31A76BEF177DC767F3463 /* Pods */,
			);
			sourceTree = "<group>";
		};
		0480F2062543CF38008CB25C /* Products */ = {
			isa = PBXGroup;
			children = (
				0480F2052543CF38008CB25C /* Parstagram.app */,
				0480F21B2543CF3B008CB25C /* ParstagramTests.xctest */,
				0480F2262543CF3B008CB25C /* ParstagramUITests.xctest */,
			);
			name = Products;
			sourceTree = "<group>";
		};
		0480F2072543CF38008CB25C /* Parstagram */ = {
			isa = PBXGroup;
			children = (
				0480F2082543CF38008CB25C /* AppDelegate.swift */,
				0480F20A2543CF38008CB25C /* SceneDelegate.swift */,
				0480F20E2543CF38008CB25C /* Main.storyboard */,
				0480F2112543CF3A008CB25C /* Assets.xcassets */,
				0480F2132543CF3A008CB25C /* LaunchScreen.storyboard */,
				0480F2162543CF3A008CB25C /* Info.plist */,
				0480F2442543D248008CB25C /* LoginViewController.swift */,
				0480F2492543D257008CB25C /* FeedViewController.swift */,
				04E41D43254677A400854C3B /* CameraViewController.swift */,
				04E41D532546821700854C3B /* PostCell.swift */,
				045F47E9254D1F15002F5583 /* CommentCell.swift */,
			);
			path = Parstagram;
			sourceTree = "<group>";
		};
		0480F21E2543CF3B008CB25C /* ParstagramTests */ = {
			isa = PBXGroup;
			children = (
				0480F21F2543CF3B008CB25C /* ParstagramTests.swift */,
				0480F2212543CF3B008CB25C /* Info.plist */,
			);
			path = ParstagramTests;
			sourceTree = "<group>";
		};
		0480F2292543CF3B008CB25C /* ParstagramUITests */ = {
			isa = PBXGroup;
			children = (
				0480F22A2543CF3B008CB25C /* ParstagramUITests.swift */,
				0480F22C2543CF3B008CB25C /* Info.plist */,
			);
			path = ParstagramUITests;
			sourceTree = "<group>";
		};
		37439073A1E349AD802CC685 /* Frameworks */ = {
			isa = PBXGroup;
			children = (
				3AF2E22B43FE020530FE873D /* Pods_Parstagram.framework */,
				73D444E87E5DAFD0B88D04E6 /* Pods_Parstagram_ParstagramUITests.framework */,
				9524F3A2E3267D64583D1E8E /* Pods_ParstagramTests.framework */,
			);
			name = Frameworks;
			sourceTree = "<group>";
		};
		59A31A76BEF177DC767F3463 /* Pods */ = {
			isa = PBXGroup;
			children = (
				AEF500A9B569CA073EC3357D /* Pods-Parstagram.debug.xcconfig */,
				7AF18C14D17C842D95790BEA /* Pods-Parstagram.release.xcconfig */,
				56C7E39D3E969BD959CB1B7D /* Pods-Parstagram-ParstagramUITests.debug.xcconfig */,
				49CBE1B754C19DA16E1B7294 /* Pods-Parstagram-ParstagramUITests.release.xcconfig */,
				06D89FF2335E1214972B20F6 /* Pods-ParstagramTests.debug.xcconfig */,
				4EE01E316A4EB3CDA185D623 /* Pods-ParstagramTests.release.xcconfig */,
			);
			path = Pods;
			sourceTree = "<group>";
		};
/* End PBXGroup section */

/* Begin PBXNativeTarget section */
		0480F2042543CF38008CB25C /* Parstagram */ = {
			isa = PBXNativeTarget;
			buildConfigurationList = 0480F22F2543CF3B008CB25C /* Build configuration list for PBXNativeTarget "Parstagram" */;
			buildPhases = (
				5605A3454FCA1DE2E12BBD1A /* [CP] Check Pods Manifest.lock */,
				0480F2012543CF38008CB25C /* Sources */,
				0480F2022543CF38008CB25C /* Frameworks */,
				0480F2032543CF38008CB25C /* Resources */,
				6DE63D6345BECEAA19BD5893 /* [CP] Embed Pods Frameworks */,
			);
			buildRules = (
			);
			dependencies = (
			);
			name = Parstagram;
			productName = Parstagram;
			productReference = 0480F2052543CF38008CB25C /* Parstagram.app */;
			productType = "com.apple.product-type.application";
		};
		0480F21A2543CF3B008CB25C /* ParstagramTests */ = {
			isa = PBXNativeTarget;
			buildConfigurationList = 0480F2322543CF3B008CB25C /* Build configuration list for PBXNativeTarget "ParstagramTests" */;
			buildPhases = (
				92F857A15A0F44F692102C25 /* [CP] Check Pods Manifest.lock */,
				0480F2172543CF3B008CB25C /* Sources */,
				0480F2182543CF3B008CB25C /* Frameworks */,
				0480F2192543CF3B008CB25C /* Resources */,
			);
			buildRules = (
			);
			dependencies = (
				0480F21D2543CF3B008CB25C /* PBXTargetDependency */,
			);
			name = ParstagramTests;
			productName = ParstagramTests;
			productReference = 0480F21B2543CF3B008CB25C /* ParstagramTests.xctest */;
			productType = "com.apple.product-type.bundle.unit-test";
		};
		0480F2252543CF3B008CB25C /* ParstagramUITests */ = {
			isa = PBXNativeTarget;
			buildConfigurationList = 0480F2352543CF3B008CB25C /* Build configuration list for PBXNativeTarget "ParstagramUITests" */;
			buildPhases = (
				BC08673CB33C3BBA98940930 /* [CP] Check Pods Manifest.lock */,
				0480F2222543CF3B008CB25C /* Sources */,
				0480F2232543CF3B008CB25C /* Frameworks */,
				0480F2242543CF3B008CB25C /* Resources */,
				C10C87712C3C46EF1875E3E0 /* [CP] Embed Pods Frameworks */,
			);
			buildRules = (
			);
			dependencies = (
				0480F2282543CF3B008CB25C /* PBXTargetDependency */,
			);
			name = ParstagramUITests;
			productName = ParstagramUITests;
			productReference = 0480F2262543CF3B008CB25C /* ParstagramUITests.xctest */;
			productType = "com.apple.product-type.bundle.ui-testing";
		};
/* End PBXNativeTarget section */

/* Begin PBXProject section */
		0480F1FD2543CF38008CB25C /* Project object */ = {
			isa = PBXProject;
			attributes = {
				LastSwiftUpdateCheck = 1210;
				LastUpgradeCheck = 1210;
				TargetAttributes = {
					0480F2042543CF38008CB25C = {
						CreatedOnToolsVersion = 12.1;
					};
					0480F21A2543CF3B008CB25C = {
						CreatedOnToolsVersion = 12.1;
						TestTargetID = 0480F2042543CF38008CB25C;
					};
					0480F2252543CF3B008CB25C = {
						CreatedOnToolsVersion = 12.1;
						TestTargetID = 0480F2042543CF38008CB25C;
					};
				};
			};
			buildConfigurationList = 0480F2002543CF38008CB25C /* Build configuration list for PBXProject "Parstagram" */;
			compatibilityVersion = "Xcode 9.3";
			developmentRegion = en;
			hasScannedForEncodings = 0;
			knownRegions = (
				en,
				Base,
			);
			mainGroup = 0480F1FC2543CF38008CB25C;
			productRefGroup = 0480F2062543CF38008CB25C /* Products */;
			projectDirPath = "";
			projectRoot = "";
			targets = (
				0480F2042543CF38008CB25C /* Parstagram */,
				0480F21A2543CF3B008CB25C /* ParstagramTests */,
				0480F2252543CF3B008CB25C /* ParstagramUITests */,
			);
		};
/* End PBXProject section */

/* Begin PBXResourcesBuildPhase section */
		0480F2032543CF38008CB25C /* Resources */ = {
			isa = PBXResourcesBuildPhase;
			buildActionMask = 2147483647;
			files = (
				0480F2152543CF3A008CB25C /* LaunchScreen.storyboard in Resources */,
				0480F2122543CF3A008CB25C /* Assets.xcassets in Resources */,
				0480F2102543CF38008CB25C /* Main.storyboard in Resources */,
			);
			runOnlyForDeploymentPostprocessing = 0;
		};
		0480F2192543CF3B008CB25C /* Resources */ = {
			isa = PBXResourcesBuildPhase;
			buildActionMask = 2147483647;
			files = (
			);
			runOnlyForDeploymentPostprocessing = 0;
		};
		0480F2242543CF3B008CB25C /* Resources */ = {
			isa = PBXResourcesBuildPhase;
			buildActionMask = 2147483647;
			files = (
			);
			runOnlyForDeploymentPostprocessing = 0;
		};
/* End PBXResourcesBuildPhase section */

/* Begin PBXShellScriptBuildPhase section */
		5605A3454FCA1DE2E12BBD1A /* [CP] Check Pods Manifest.lock */ = {
			isa = PBXShellScriptBuildPhase;
			buildActionMask = 2147483647;
			files = (
			);
			inputFileListPaths = (
			);
			inputPaths = (
				"${PODS_PODFILE_DIR_PATH}/Podfile.lock",
				"${PODS_ROOT}/Manifest.lock",
			);
			name = "[CP] Check Pods Manifest.lock";
			outputFileListPaths = (
			);
			outputPaths = (
				"$(DERIVED_FILE_DIR)/Pods-Parstagram-checkManifestLockResult.txt",
			);
			runOnlyForDeploymentPostprocessing = 0;
			shellPath = /bin/sh;
			shellScript = "diff \"${PODS_PODFILE_DIR_PATH}/Podfile.lock\" \"${PODS_ROOT}/Manifest.lock\" > /dev/null\nif [ $? != 0 ] ; then\n    # print error to STDERR\n    echo \"error: The sandbox is not in sync with the Podfile.lock. Run 'pod install' or update your CocoaPods installation.\" >&2\n    exit 1\nfi\n# This output is used by Xcode 'outputs' to avoid re-running this script phase.\necho \"SUCCESS\" > \"${SCRIPT_OUTPUT_FILE_0}\"\n";
			showEnvVarsInLog = 0;
		};
		6DE63D6345BECEAA19BD5893 /* [CP] Embed Pods Frameworks */ = {
			isa = PBXShellScriptBuildPhase;
			buildActionMask = 2147483647;
			files = (
			);
			inputFileListPaths = (
				"${PODS_ROOT}/Target Support Files/Pods-Parstagram/Pods-Parstagram-frameworks-${CONFIGURATION}-input-files.xcfilelist",
			);
			name = "[CP] Embed Pods Frameworks";
			outputFileListPaths = (
				"${PODS_ROOT}/Target Support Files/Pods-Parstagram/Pods-Parstagram-frameworks-${CONFIGURATION}-output-files.xcfilelist",
			);
			runOnlyForDeploymentPostprocessing = 0;
			shellPath = /bin/sh;
			shellScript = "\"${PODS_ROOT}/Target Support Files/Pods-Parstagram/Pods-Parstagram-frameworks.sh\"\n";
			showEnvVarsInLog = 0;
		};
		92F857A15A0F44F692102C25 /* [CP] Check Pods Manifest.lock */ = {
			isa = PBXShellScriptBuildPhase;
			buildActionMask = 2147483647;
			files = (
			);
			inputFileListPaths = (
			);
			inputPaths = (
				"${PODS_PODFILE_DIR_PATH}/Podfile.lock",
				"${PODS_ROOT}/Manifest.lock",
			);
			name = "[CP] Check Pods Manifest.lock";
			outputFileListPaths = (
			);
			outputPaths = (
				"$(DERIVED_FILE_DIR)/Pods-ParstagramTests-checkManifestLockResult.txt",
			);
			runOnlyForDeploymentPostprocessing = 0;
			shellPath = /bin/sh;
			shellScript = "diff \"${PODS_PODFILE_DIR_PATH}/Podfile.lock\" \"${PODS_ROOT}/Manifest.lock\" > /dev/null\nif [ $? != 0 ] ; then\n    # print error to STDERR\n    echo \"error: The sandbox is not in sync with the Podfile.lock. Run 'pod install' or update your CocoaPods installation.\" >&2\n    exit 1\nfi\n# This output is used by Xcode 'outputs' to avoid re-running this script phase.\necho \"SUCCESS\" > \"${SCRIPT_OUTPUT_FILE_0}\"\n";
			showEnvVarsInLog = 0;
		};
		BC08673CB33C3BBA98940930 /* [CP] Check Pods Manifest.lock */ = {
			isa = PBXShellScriptBuildPhase;
			buildActionMask = 2147483647;
			files = (
			);
			inputFileListPaths = (
			);
			inputPaths = (
				"${PODS_PODFILE_DIR_PATH}/Podfile.lock",
				"${PODS_ROOT}/Manifest.lock",
			);
			name = "[CP] Check Pods Manifest.lock";
			outputFileListPaths = (
			);
			outputPaths = (
				"$(DERIVED_FILE_DIR)/Pods-Parstagram-ParstagramUITests-checkManifestLockResult.txt",
			);
			runOnlyForDeploymentPostprocessing = 0;
			shellPath = /bin/sh;
			shellScript = "diff \"${PODS_PODFILE_DIR_PATH}/Podfile.lock\" \"${PODS_ROOT}/Manifest.lock\" > /dev/null\nif [ $? != 0 ] ; then\n    # print error to STDERR\n    echo \"error: The sandbox is not in sync with the Podfile.lock. Run 'pod install' or update your CocoaPods installation.\" >&2\n    exit 1\nfi\n# This output is used by Xcode 'outputs' to avoid re-running this script phase.\necho \"SUCCESS\" > \"${SCRIPT_OUTPUT_FILE_0}\"\n";
			showEnvVarsInLog = 0;
		};
		C10C87712C3C46EF1875E3E0 /* [CP] Embed Pods Frameworks */ = {
			isa = PBXShellScriptBuildPhase;
			buildActionMask = 2147483647;
			files = (
			);
			inputFileListPaths = (
				"${PODS_ROOT}/Target Support Files/Pods-Parstagram-ParstagramUITests/Pods-Parstagram-ParstagramUITests-frameworks-${CONFIGURATION}-input-files.xcfilelist",
			);
			name = "[CP] Embed Pods Frameworks";
			outputFileListPaths = (
				"${PODS_ROOT}/Target Support Files/Pods-Parstagram-ParstagramUITests/Pods-Parstagram-ParstagramUITests-frameworks-${CONFIGURATION}-output-files.xcfilelist",
			);
			runOnlyForDeploymentPostprocessing = 0;
			shellPath = /bin/sh;
			shellScript = "\"${PODS_ROOT}/Target Support Files/Pods-Parstagram-ParstagramUITests/Pods-Parstagram-ParstagramUITests-frameworks.sh\"\n";
			showEnvVarsInLog = 0;
		};
/* End PBXShellScriptBuildPhase section */

/* Begin PBXSourcesBuildPhase section */
		0480F2012543CF38008CB25C /* Sources */ = {
			isa = PBXSourcesBuildPhase;
			buildActionMask = 2147483647;
			files = (
				0480F2452543D248008CB25C /* LoginViewController.swift in Sources */,
				04E41D44254677A400854C3B /* CameraViewController.swift in Sources */,
				0480F2092543CF38008CB25C /* AppDelegate.swift in Sources */,
				0480F24A2543D257008CB25C /* FeedViewController.swift in Sources */,
				0480F20B2543CF38008CB25C /* SceneDelegate.swift in Sources */,
				04E41D542546821700854C3B /* PostCell.swift in Sources */,
				045F47EA254D1F15002F5583 /* CommentCell.swift in Sources */,
			);
			runOnlyForDeploymentPostprocessing = 0;
		};
		0480F2172543CF3B008CB25C /* Sources */ = {
			isa = PBXSourcesBuildPhase;
			buildActionMask = 2147483647;
			files = (
				0480F2202543CF3B008CB25C /* ParstagramTests.swift in Sources */,
			);
			runOnlyForDeploymentPostprocessing = 0;
		};
		0480F2222543CF3B008CB25C /* Sources */ = {
			isa = PBXSourcesBuildPhase;
			buildActionMask = 2147483647;
			files = (
				0480F22B2543CF3B008CB25C /* ParstagramUITests.swift in Sources */,
			);
			runOnlyForDeploymentPostprocessing = 0;
		};
/* End PBXSourcesBuildPhase section */

/* Begin PBXTargetDependency section */
		0480F21D2543CF3B008CB25C /* PBXTargetDependency */ = {
			isa = PBXTargetDependency;
			target = 0480F2042543CF38008CB25C /* Parstagram */;
			targetProxy = 0480F21C2543CF3B008CB25C /* PBXContainerItemProxy */;
		};
		0480F2282543CF3B008CB25C /* PBXTargetDependency */ = {
			isa = PBXTargetDependency;
			target = 0480F2042543CF38008CB25C /* Parstagram */;
			targetProxy = 0480F2272543CF3B008CB25C /* PBXContainerItemProxy */;
		};
/* End PBXTargetDependency section */

/* Begin PBXVariantGroup section */
		0480F20E2543CF38008CB25C /* Main.storyboard */ = {
			isa = PBXVariantGroup;
			children = (
				0480F20F2543CF38008CB25C /* Base */,
			);
			name = Main.storyboard;
			sourceTree = "<group>";
		};
		0480F2132543CF3A008CB25C /* LaunchScreen.storyboard */ = {
			isa = PBXVariantGroup;
			children = (
				0480F2142543CF3A008CB25C /* Base */,
			);
			name = LaunchScreen.storyboard;
			sourceTree = "<group>";
		};
/* End PBXVariantGroup section */

/* Begin XCBuildConfiguration section */
		0480F22D2543CF3B008CB25C /* Debug */ = {
			isa = XCBuildConfiguration;
			buildSettings = {
				ALWAYS_SEARCH_USER_PATHS = NO;
				CLANG_ANALYZER_NONNULL = YES;
				CLANG_ANALYZER_NUMBER_OBJECT_CONVERSION = YES_AGGRESSIVE;
				CLANG_CXX_LANGUAGE_STANDARD = "gnu++14";
				CLANG_CXX_LIBRARY = "libc++";
				CLANG_ENABLE_MODULES = YES;
				CLANG_ENABLE_OBJC_ARC = YES;
				CLANG_ENABLE_OBJC_WEAK = YES;
				CLANG_WARN_BLOCK_CAPTURE_AUTORELEASING = YES;
				CLANG_WARN_BOOL_CONVERSION = YES;
				CLANG_WARN_COMMA = YES;
				CLANG_WARN_CONSTANT_CONVERSION = YES;
				CLANG_WARN_DEPRECATED_OBJC_IMPLEMENTATIONS = YES;
				CLANG_WARN_DIRECT_OBJC_ISA_USAGE = YES_ERROR;
				CLANG_WARN_DOCUMENTATION_COMMENTS = YES;
				CLANG_WARN_EMPTY_BODY = YES;
				CLANG_WARN_ENUM_CONVERSION = YES;
				CLANG_WARN_INFINITE_RECURSION = YES;
				CLANG_WARN_INT_CONVERSION = YES;
				CLANG_WARN_NON_LITERAL_NULL_CONVERSION = YES;
				CLANG_WARN_OBJC_IMPLICIT_RETAIN_SELF = YES;
				CLANG_WARN_OBJC_LITERAL_CONVERSION = YES;
				CLANG_WARN_OBJC_ROOT_CLASS = YES_ERROR;
				CLANG_WARN_QUOTED_INCLUDE_IN_FRAMEWORK_HEADER = YES;
				CLANG_WARN_RANGE_LOOP_ANALYSIS = YES;
				CLANG_WARN_STRICT_PROTOTYPES = YES;
				CLANG_WARN_SUSPICIOUS_MOVE = YES;
				CLANG_WARN_UNGUARDED_AVAILABILITY = YES_AGGRESSIVE;
				CLANG_WARN_UNREACHABLE_CODE = YES;
				CLANG_WARN__DUPLICATE_METHOD_MATCH = YES;
				COPY_PHASE_STRIP = NO;
				DEBUG_INFORMATION_FORMAT = dwarf;
				ENABLE_STRICT_OBJC_MSGSEND = YES;
				ENABLE_TESTABILITY = YES;
				GCC_C_LANGUAGE_STANDARD = gnu11;
				GCC_DYNAMIC_NO_PIC = NO;
				GCC_NO_COMMON_BLOCKS = YES;
				GCC_OPTIMIZATION_LEVEL = 0;
				GCC_PREPROCESSOR_DEFINITIONS = (
					"DEBUG=1",
					"$(inherited)",
				);
				GCC_WARN_64_TO_32_BIT_CONVERSION = YES;
				GCC_WARN_ABOUT_RETURN_TYPE = YES_ERROR;
				GCC_WARN_UNDECLARED_SELECTOR = YES;
				GCC_WARN_UNINITIALIZED_AUTOS = YES_AGGRESSIVE;
				GCC_WARN_UNUSED_FUNCTION = YES;
				GCC_WARN_UNUSED_VARIABLE = YES;
				IPHONEOS_DEPLOYMENT_TARGET = 14.1;
				MTL_ENABLE_DEBUG_INFO = INCLUDE_SOURCE;
				MTL_FAST_MATH = YES;
				ONLY_ACTIVE_ARCH = YES;
				SDKROOT = iphoneos;
				SWIFT_ACTIVE_COMPILATION_CONDITIONS = DEBUG;
				SWIFT_OPTIMIZATION_LEVEL = "-Onone";
			};
			name = Debug;
		};
		0480F22E2543CF3B008CB25C /* Release */ = {
			isa = XCBuildConfiguration;
			buildSettings = {
				ALWAYS_SEARCH_USER_PATHS = NO;
				CLANG_ANALYZER_NONNULL = YES;
				CLANG_ANALYZER_NUMBER_OBJECT_CONVERSION = YES_AGGRESSIVE;
				CLANG_CXX_LANGUAGE_STANDARD = "gnu++14";
				CLANG_CXX_LIBRARY = "libc++";
				CLANG_ENABLE_MODULES = YES;
				CLANG_ENABLE_OBJC_ARC = YES;
				CLANG_ENABLE_OBJC_WEAK = YES;
				CLANG_WARN_BLOCK_CAPTURE_AUTORELEASING = YES;
				CLANG_WARN_BOOL_CONVERSION = YES;
				CLANG_WARN_COMMA = YES;
				CLANG_WARN_CONSTANT_CONVERSION = YES;
				CLANG_WARN_DEPRECATED_OBJC_IMPLEMENTATIONS = YES;
				CLANG_WARN_DIRECT_OBJC_ISA_USAGE = YES_ERROR;
				CLANG_WARN_DOCUMENTATION_COMMENTS = YES;
				CLANG_WARN_EMPTY_BODY = YES;
				CLANG_WARN_ENUM_CONVERSION = YES;
				CLANG_WARN_INFINITE_RECURSION = YES;
				CLANG_WARN_INT_CONVERSION = YES;
				CLANG_WARN_NON_LITERAL_NULL_CONVERSION = YES;
				CLANG_WARN_OBJC_IMPLICIT_RETAIN_SELF = YES;
				CLANG_WARN_OBJC_LITERAL_CONVERSION = YES;
				CLANG_WARN_OBJC_ROOT_CLASS = YES_ERROR;
				CLANG_WARN_QUOTED_INCLUDE_IN_FRAMEWORK_HEADER = YES;
				CLANG_WARN_RANGE_LOOP_ANALYSIS = YES;
				CLANG_WARN_STRICT_PROTOTYPES = YES;
				CLANG_WARN_SUSPICIOUS_MOVE = YES;
				CLANG_WARN_UNGUARDED_AVAILABILITY = YES_AGGRESSIVE;
				CLANG_WARN_UNREACHABLE_CODE = YES;
				CLANG_WARN__DUPLICATE_METHOD_MATCH = YES;
				COPY_PHASE_STRIP = NO;
				DEBUG_INFORMATION_FORMAT = "dwarf-with-dsym";
				ENABLE_NS_ASSERTIONS = NO;
				ENABLE_STRICT_OBJC_MSGSEND = YES;
				GCC_C_LANGUAGE_STANDARD = gnu11;
				GCC_NO_COMMON_BLOCKS = YES;
				GCC_WARN_64_TO_32_BIT_CONVERSION = YES;
				GCC_WARN_ABOUT_RETURN_TYPE = YES_ERROR;
				GCC_WARN_UNDECLARED_SELECTOR = YES;
				GCC_WARN_UNINITIALIZED_AUTOS = YES_AGGRESSIVE;
				GCC_WARN_UNUSED_FUNCTION = YES;
				GCC_WARN_UNUSED_VARIABLE = YES;
				IPHONEOS_DEPLOYMENT_TARGET = 14.1;
				MTL_ENABLE_DEBUG_INFO = NO;
				MTL_FAST_MATH = YES;
				SDKROOT = iphoneos;
				SWIFT_COMPILATION_MODE = wholemodule;
				SWIFT_OPTIMIZATION_LEVEL = "-O";
				VALIDATE_PRODUCT = YES;
			};
			name = Release;
		};
		0480F2302543CF3B008CB25C /* Debug */ = {
			isa = XCBuildConfiguration;
			baseConfigurationReference = AEF500A9B569CA073EC3357D /* Pods-Parstagram.debug.xcconfig */;
			buildSettings = {
				ASSETCATALOG_COMPILER_APPICON_NAME = AppIcon;
				ASSETCATALOG_COMPILER_GLOBAL_ACCENT_COLOR_NAME = AccentColor;
				CODE_SIGN_STYLE = Automatic;
				INFOPLIST_FILE = Parstagram/Info.plist;
				LD_RUNPATH_SEARCH_PATHS = (
					"$(inherited)",
					"@executable_path/Frameworks",
				);
				PRODUCT_BUNDLE_IDENTIFIER = pahuja.gor.Parstagram;
				PRODUCT_NAME = "$(TARGET_NAME)";
				SWIFT_VERSION = 5.0;
				TARGETED_DEVICE_FAMILY = "1,2";
			};
			name = Debug;
		};
		0480F2312543CF3B008CB25C /* Release */ = {
			isa = XCBuildConfiguration;
			baseConfigurationReference = 7AF18C14D17C842D95790BEA /* Pods-Parstagram.release.xcconfig */;
			buildSettings = {
				ASSETCATALOG_COMPILER_APPICON_NAME = AppIcon;
				ASSETCATALOG_COMPILER_GLOBAL_ACCENT_COLOR_NAME = AccentColor;
				CODE_SIGN_STYLE = Automatic;
				INFOPLIST_FILE = Parstagram/Info.plist;
				LD_RUNPATH_SEARCH_PATHS = (
					"$(inherited)",
					"@executable_path/Frameworks",
				);
				PRODUCT_BUNDLE_IDENTIFIER = pahuja.gor.Parstagram;
				PRODUCT_NAME = "$(TARGET_NAME)";
				SWIFT_VERSION = 5.0;
				TARGETED_DEVICE_FAMILY = "1,2";
			};
			name = Release;
		};
		0480F2332543CF3B008CB25C /* Debug */ = {
			isa = XCBuildConfiguration;
			baseConfigurationReference = 06D89FF2335E1214972B20F6 /* Pods-ParstagramTests.debug.xcconfig */;
			buildSettings = {
				ALWAYS_EMBED_SWIFT_STANDARD_LIBRARIES = YES;
				BUNDLE_LOADER = "$(TEST_HOST)";
				CODE_SIGN_STYLE = Automatic;
				INFOPLIST_FILE = ParstagramTests/Info.plist;
				IPHONEOS_DEPLOYMENT_TARGET = 14.1;
				LD_RUNPATH_SEARCH_PATHS = (
					"$(inherited)",
					"@executable_path/Frameworks",
					"@loader_path/Frameworks",
				);
				PRODUCT_BUNDLE_IDENTIFIER = pahuja.gor.ParstagramTests;
				PRODUCT_NAME = "$(TARGET_NAME)";
				SWIFT_VERSION = 5.0;
				TARGETED_DEVICE_FAMILY = "1,2";
				TEST_HOST = "$(BUILT_PRODUCTS_DIR)/Parstagram.app/Parstagram";
			};
			name = Debug;
		};
		0480F2342543CF3B008CB25C /* Release */ = {
			isa = XCBuildConfiguration;
			baseConfigurationReference = 4EE01E316A4EB3CDA185D623 /* Pods-ParstagramTests.release.xcconfig */;
			buildSettings = {
				ALWAYS_EMBED_SWIFT_STANDARD_LIBRARIES = YES;
				BUNDLE_LOADER = "$(TEST_HOST)";
				CODE_SIGN_STYLE = Automatic;
				INFOPLIST_FILE = ParstagramTests/Info.plist;
				IPHONEOS_DEPLOYMENT_TARGET = 14.1;
				LD_RUNPATH_SEARCH_PATHS = (
					"$(inherited)",
					"@executable_path/Frameworks",
					"@loader_path/Frameworks",
				);
				PRODUCT_BUNDLE_IDENTIFIER = pahuja.gor.ParstagramTests;
				PRODUCT_NAME = "$(TARGET_NAME)";
				SWIFT_VERSION = 5.0;
				TARGETED_DEVICE_FAMILY = "1,2";
				TEST_HOST = "$(BUILT_PRODUCTS_DIR)/Parstagram.app/Parstagram";
			};
			name = Release;
		};
		0480F2362543CF3B008CB25C /* Debug */ = {
			isa = XCBuildConfiguration;
			baseConfigurationReference = 56C7E39D3E969BD959CB1B7D /* Pods-Parstagram-ParstagramUITests.debug.xcconfig */;
			buildSettings = {
				ALWAYS_EMBED_SWIFT_STANDARD_LIBRARIES = YES;
				CODE_SIGN_STYLE = Automatic;
				INFOPLIST_FILE = ParstagramUITests/Info.plist;
				LD_RUNPATH_SEARCH_PATHS = (
					"$(inherited)",
					"@executable_path/Frameworks",
					"@loader_path/Frameworks",
				);
				PRODUCT_BUNDLE_IDENTIFIER = pahuja.gor.ParstagramUITests;
				PRODUCT_NAME = "$(TARGET_NAME)";
				SWIFT_VERSION = 5.0;
				TARGETED_DEVICE_FAMILY = "1,2";
				TEST_TARGET_NAME = Parstagram;
			};
			name = Debug;
		};
		0480F2372543CF3B008CB25C /* Release */ = {
			isa = XCBuildConfiguration;
			baseConfigurationReference = 49CBE1B754C19DA16E1B7294 /* Pods-Parstagram-ParstagramUITests.release.xcconfig */;
			buildSettings = {
				ALWAYS_EMBED_SWIFT_STANDARD_LIBRARIES = YES;
				CODE_SIGN_STYLE = Automatic;
				INFOPLIST_FILE = ParstagramUITests/Info.plist;
				LD_RUNPATH_SEARCH_PATHS = (
					"$(inherited)",
					"@executable_path/Frameworks",
					"@loader_path/Frameworks",
				);
				PRODUCT_BUNDLE_IDENTIFIER = pahuja.gor.ParstagramUITests;
				PRODUCT_NAME = "$(TARGET_NAME)";
				SWIFT_VERSION = 5.0;
				TARGETED_DEVICE_FAMILY = "1,2";
				TEST_TARGET_NAME = Parstagram;
			};
			name = Release;
		};
/* End XCBuildConfiguration section */

/* Begin XCConfigurationList section */
		0480F2002543CF38008CB25C /* Build configuration list for PBXProject "Parstagram" */ = {
			isa = XCConfigurationList;
			buildConfigurations = (
				0480F22D2543CF3B008CB25C /* Debug */,
				0480F22E2543CF3B008CB25C /* Release */,
			);
			defaultConfigurationIsVisible = 0;
			defaultConfigurationName = Release;
		};
		0480F22F2543CF3B008CB25C /* Build configuration list for PBXNativeTarget "Parstagram" */ = {
			isa = XCConfigurationList;
			buildConfigurations = (
				0480F2302543CF3B008CB25C /* Debug */,
				0480F2312543CF3B008CB25C /* Release */,
			);
			defaultConfigurationIsVisible = 0;
			defaultConfigurationName = Release;
		};
		0480F2322543CF3B008CB25C /* Build configuration list for PBXNativeTarget "ParstagramTests" */ = {
			isa = XCConfigurationList;
			buildConfigurations = (
				0480F2332543CF3B008CB25C /* Debug */,
				0480F2342543CF3B008CB25C /* Release */,
			);
			defaultConfigurationIsVisible = 0;
			defaultConfigurationName = Release;
		};
		0480F2352543CF3B008CB25C /* Build configuration list for PBXNativeTarget "ParstagramUITests" */ = {
			isa = XCConfigurationList;
			buildConfigurations = (
				0480F2362543CF3B008CB25C /* Debug */,
				0480F2372543CF3B008CB25C /* Release */,
			);
			defaultConfigurationIsVisible = 0;
			defaultConfigurationName = Release;
		};
/* End XCConfigurationList section */
	};
	rootObject = 0480F1FD2543CF38008CB25C /* Project object */;
}
